
Microsoft Visual Studio Solution File, Format Version 12.00
# Visual Studio Version 17
VisualStudioVersion = 17.2.32630.192
MinimumVisualStudioVersion = 10.0.40219.1
Project("{2150E333-8FDC-42A3-9474-1A3956D46DE8}") = "src", "src", "{75395D44-969B-420B-BD94-CEF634419CCC}"
EndProject
Project("{FAE04EC0-301F-11D3-BF4B-00C04F79EFBC}") = "Sales.Api", "Sales.Api\Sales.Api.csproj", "{DC476182-7C99-4B74-8A8C-BFF7452BD5A4}"
EndProject
Global
	GlobalSection(SolutionConfigurationPlatforms) = preSolution
		Debug|Any CPU = Debug|Any CPU
		Release|Any CPU = Release|Any CPU
	EndGlobalSection
	GlobalSection(ProjectConfigurationPlatforms) = postSolution
		{DC476182-7C99-4B74-8A8C-BFF7452BD5A4}.Debug|Any CPU.ActiveCfg = Debug|Any CPU
		{DC476182-7C99-4B74-8A8C-BFF7452BD5A4}.Debug|Any CPU.Build.0 = Debug|Any CPU
		{DC476182-7C99-4B74-8A8C-BFF7452BD5A4}.Release|Any CPU.ActiveCfg = Release|Any CPU
		{DC476182-7C99-4B74-8A8C-BFF7452BD5A4}.Release|Any CPU.Build.0 = Release|Any CPU
	EndGlobalSection
	GlobalSection(SolutionProperties) = preSolution
		HideSolutionNode = FALSE
	EndGlobalSection
	GlobalSection(NestedProjects) = preSolution
		{DC476182-7C99-4B74-8A8C-BFF7452BD5A4} = {75395D44-969B-420B-BD94-CEF634419CCC}
	EndGlobalSection
	GlobalSection(ExtensibilityGlobals) = postSolution
		SolutionGuid = {032603AC-499C-440C-843D-1E8476E13041}
	EndGlobalSection
EndGlobal
